{
    "_readme": [
        "This file locks the dependencies of your project to a known state",
        "Read more about it at https://getcomposer.org/doc/01-basic-usage.md#installing-dependencies",
        "This file is @generated automatically"
    ],
    "content-hash": "0f8b9605c0b3e8d2083d808d8cf37633",
    "packages": [],
    "packages-dev": [
        {
            "name": "doctrine/instantiator",
            "version": "1.5.0",
            "source": {
                "type": "git",
                "url": "https://github.com/doctrine/instantiator.git",
                "reference": "0a0fa9780f5d4e507415a065172d26a98d02047b"
            },
            "dist": {
                "type": "zip",
                "url": "https://api.github.com/repos/doctrine/instantiator/zipball/0a0fa9780f5d4e507415a065172d26a98d02047b",
                "reference": "0a0fa9780f5d4e507415a065172d26a98d02047b",
                "shasum": ""
            },
            "require": {
                "php": "^7.1 || ^8.0"
            },
            "require-dev": {
                "doctrine/coding-standard": "^9 || ^11",
                "ext-pdo": "*",
                "ext-phar": "*",
                "phpbench/phpbench": "^0.16 || ^1",
                "phpstan/phpstan": "^1.4",
                "phpstan/phpstan-phpunit": "^1",
                "phpunit/phpunit": "^7.5 || ^8.5 || ^9.5",
                "vimeo/psalm": "^4.30 || ^5.4"
            },
            "type": "library",
            "autoload": {
                "psr-4": {
                    "Doctrine\\Instantiator\\": "src/Doctrine/Instantiator/"
                }
            },
            "notification-url": "https://packagist.org/downloads/",
            "license": [
                "MIT"
            ],
            "authors": [
                {
                    "name": "Marco Pivetta",
                    "email": "ocramius@gmail.com",
                    "homepage": "https://ocramius.github.io/"
                }
            ],
            "description": "A small, lightweight utility to instantiate objects in PHP without invoking their constructors",
            "homepage": "https://www.doctrine-project.org/projects/instantiator.html",
            "keywords": [
                "constructor",
                "instantiate"
            ],
            "support": {
                "issues": "https://github.com/doctrine/instantiator/issues",
                "source": "https://github.com/doctrine/instantiator/tree/1.5.0"
            },
            "funding": [
                {
                    "url": "https://www.doctrine-project.org/sponsorship.html",
                    "type": "custom"
                },
                {
                    "url": "https://www.patreon.com/phpdoctrine",
                    "type": "patreon"
                },
                {
                    "url": "https://tidelift.com/funding/github/packagist/doctrine%2Finstantiator",
                    "type": "tidelift"
                }
            ],
            "time": "2022-12-30T00:15:36+00:00"
        },
        {
            "name": "myclabs/deep-copy",
            "version": "1.11.1",
            "source": {
                "type": "git",
                "url": "https://github.com/myclabs/DeepCopy.git",
                "reference": "7284c22080590fb39f2ffa3e9057f10a4ddd0e0c"
            },
            "dist": {
                "type": "zip",
                "url": "https://api.github.com/repos/myclabs/DeepCopy/zipball/7284c22080590fb39f2ffa3e9057f10a4ddd0e0c",
                "reference": "7284c22080590fb39f2ffa3e9057f10a4ddd0e0c",
                "shasum": ""
            },
            "require": {
                "php": "^7.1 || ^8.0"
            },
            "conflict": {
                "doctrine/collections": "<1.6.8",
                "doctrine/common": "<2.13.3 || >=3,<3.2.2"
            },
            "require-dev": {
                "doctrine/collections": "^1.6.8",
                "doctrine/common": "^2.13.3 || ^3.2.2",
                "phpunit/phpunit": "^7.5.20 || ^8.5.23 || ^9.5.13"
            },
            "type": "library",
            "autoload": {
                "files": [
                    "src/DeepCopy/deep_copy.php"
                ],
                "psr-4": {
                    "DeepCopy\\": "src/DeepCopy/"
                }
            },
            "notification-url": "https://packagist.org/downloads/",
            "license": [
                "MIT"
            ],
            "description": "Create deep copies (clones) of your objects",
            "homepage": "https://github.com/myclabs/DeepCopy",
            "keywords": [
                "clone",
                "copy",
                "duplicate",
                "object",
                "object graph"
            ],
            "support": {
                "issues": "https://github.com/myclabs/DeepCopy/issues",
                "source": "https://github.com/myclabs/DeepCopy/tree/1.11.1"
            },
            "funding": [
                {
                    "url": "https://tidelift.com/funding/github/packagist/myclabs/deep-copy",
                    "type": "tidelift"
                }
            ],
            "time": "2023-03-08T13:26:56+00:00"
        },
        {
            "name": "nikic/php-parser",
            "version": "v4.17.1",
            "source": {
                "type": "git",
                "url": "https://github.com/nikic/PHP-Parser.git",
                "reference": "a6303e50c90c355c7eeee2c4a8b27fe8dc8fef1d"
            },
            "dist": {
                "type": "zip",
                "url": "https://api.github.com/repos/nikic/PHP-Parser/zipball/a6303e50c90c355c7eeee2c4a8b27fe8dc8fef1d",
                "reference": "a6303e50c90c355c7eeee2c4a8b27fe8dc8fef1d",
                "shasum": ""
            },
            "require": {
                "ext-tokenizer": "*",
                "php": ">=7.0"
            },
            "require-dev": {
                "ircmaxell/php-yac